<?xml version="1.0" encoding="utf-8"?>
<Project ToolsVersion="4.0" xmlns="http://schemas.microsoft.com/developer/msbuild/2003">
  <ItemGroup>
    <ClCompile Include="source\main.cpp">
      <Filter>source</Filter>
    </ClCompile>
  </ItemGroup>
  <ItemGroup>
    <Filter Include="source">
      <UniqueIdentifier>{c965fb01-100a-4fc6-90ca-5b60c9b25ec5}</UniqueIdentifier>
    </Filter>
    <Filter Include="source\generic">
      <UniqueIdentifier>{365a5020-6994-446c-b6a9-5bed07f6a32e}</UniqueIdentifier>
    </Filter>
    <Filter Include="source\generic\dashboard">
      <UniqueIdentifier>{d9c70c70-423d-4f61-992d-3e0cfc20245b}</UniqueIdentifier>
    </Filter>
    <Filter Include="source\generic\opengl">
      <UniqueIdentifier>{5ce6b2a6-c3f2-4816-a2a6-f8f05ee501e7}</UniqueIdentifier>
    </Filter>
    <Filter Include="source\generic\sdldraw">
      <UniqueIdentifier>{6bd27fd5-64e6-4fc3-bae3-67a014c7673b}</UniqueIdentifier>
    </Filter>
    <Filter Include="source\include">
      <UniqueIdentifier>{2b6cae7c-5519-4c43-9393-4266b77f9690}</UniqueIdentifier>
    </Filter>
    <Filter Include="source\generic\projectspecific">
      <UniqueIdentifier>{8ccbfa5b-12f4-4936-a15e-4e7016ca36b0}</UniqueIdentifier>
    </Filter>
    <Filter Include="source\generic\projectspecific\entities">
      <UniqueIdentifier>{fdb664e9-e743-48bf-82a1-6c5b48edafaa}</UniqueIdentifier>
    </Filter>
  </ItemGroup>
  <ItemGroup>
    <ClInclude Include="source\projectloop.h">
      <Filter>source</Filter>
    </ClInclude>
    <ClInclude Include="source\projectsetup.h">
      <Filter>source</Filter>
    </ClInclude>
    <ClInclude Include="source\settings.h">
      <Filter>source</Filter>
    </ClInclude>
    <ClInclude Include="source\generic\3dfunctions.h">
      <Filter>source\generic</Filter>
    </ClInclude>
    <ClInclude Include="source\generic\3DMath.h">
      <Filter>source\generic</Filter>
    </ClInclude>
    <ClInclude Include="source\generic\bresenham.h">
      <Filter>source\generic</Filter>
    </ClInclude>
    <ClInclude Include="source\generic\dirlist.h">
      <Filter>source\generic</Filter>
    </ClInclude>
    <ClInclude Include="source\generic\generic.h">
      <Filter>source\generic</Filter>
    </ClInclude>
    <ClInclude Include="source\generic\genericmath.h">
      <Filter>source\generic</Filter>
    </ClInclude>
    <ClInclude Include="source\generic\genericsettings.h">
      <Filter>source\generic</Filter>
    </ClInclude>
    <ClInclude Include="source\generic\initvideo.h">
      <Filter>source\generic</Filter>
    </ClInclude>
    <ClInclude Include="source\generic\input.h">
      <Filter>source\generic</Filter>
    </ClInclude>
    <ClInclude Include="source\generic\loadbmp.h">
      <Filter>source\generic</Filter>
    </ClInclude>
    <ClInclude Include="source\generic\loadobj.h">
      <Filter>source\generic</Filter>
    </ClInclude>
    <ClInclude Include="source\generic\readinifiles.h">
      <Filter>source\generic</Filter>
    </ClInclude>
    <ClInclude Include="source\generic\refreshscreen.h">
      <Filter>source\generic</Filter>
    </ClInclude>
    <ClInclude Include="source\generic\spherebumpmesh.h">
      <Filter>source\generic</Filter>
    </ClInclude>
    <ClInclude Include="source\generic\dashboard\dashbars.h">
      <Filter>source\generic\dashboard</Filter>
    </ClInclude>
    <ClInclude Include="source\generic\dashboard\dashbutton.h">
      <Filter>source\generic\dashboard</Filter>
    </ClInclude>
    <ClInclude Include="source\generic\dashboard\dashcursor.h">
      <Filter>source\generic\dashboard</Filter>
    </ClInclude>
    <ClInclude Include="source\generic\dashboard\dashloop.h">
      <Filter>source\generic\dashboard</Filter>
    </ClInclude>
    <ClInclude Include="source\generic\dashboard\dashmenu.h">
      <Filter>source\generic\dashboard</Filter>
    </ClInclude>
    <ClInclude Include="source\generic\dashboard\dashonoff.h">
      <Filter>source\generic\dashboard</Filter>
    </ClInclude>
    <ClInclude Include="source\generic\dashboard\dashsetup.h">
      <Filter>source\generic\dashboard</Filter>
    </ClInclude>
    <ClInclude Include="source\generic\dashboard\dashtext.h">
      <Filter>source\generic\dashboard</Filter>
    </ClInclude>
    <ClInclude Include="source\generic\dashboard\dashtime.h">
      <Filter>source\generic\dashboard</Filter>
    </ClInclude>
    <ClInclude Include="source\generic\opengl\Build2DMipMapsGL.h">
      <Filter>source\generic\opengl</Filter>
    </ClInclude>
    <ClInclude Include="source\generic\opengl\loadbmp.h">
      <Filter>source\generic\opengl</Filter>
    </ClInclude>
    <ClInclude Include="source\generic\opengl\loadtexture.h">
      <Filter>source\generic\opengl</Filter>
    </ClInclude>
    <ClInclude Include="source\generic\opengl\loadtga.h">
      <Filter>source\generic\opengl</Filter>
    </ClInclude>
    <ClInclude Include="source\generic\opengl\loadtoif.h">
      <Filter>source\generic\opengl</Filter>
    </ClInclude>
    <ClInclude Include="source\generic\opengl\perspectiveGL.h">
      <Filter>source\generic\opengl</Filter>
    </ClInclude>
    <ClInclude Include="source\generic\sdldraw\drawcircle.h">
      <Filter>source\generic\sdldraw</Filter>
    </ClInclude>
    <ClInclude Include="source\generic\sdldraw\drawhexagon.h">
      <Filter>source\generic\sdldraw</Filter>
    </ClInclude>
    <ClInclude Include="source\generic\sdldraw\drawline.h">
      <Filter>source\generic\sdldraw</Filter>
    </ClInclude>
    <ClInclude Include="source\generic\sdldraw\drawpolygon.h">
      <Filter>source\generic\sdldraw</Filter>
    </ClInclude>
    <ClInclude Include="source\generic\sdldraw\filtersurface.h">
      <Filter>source\generic\sdldraw</Filter>
    </ClInclude>
    <ClInclude Include="source\generic\sdldraw\getputpixel.h">
      <Filter>source\generic\sdldraw</Filter>
    </ClInclude>
    <ClInclude Include="source\generic\sdldraw\loadanddrawsurfaces.h">
      <Filter>source\generic\sdldraw</Filter>
    </ClInclude>
    <ClInclude Include="source\generic\sdldraw\rotoscale.h">
      <Filter>source\generic\sdldraw</Filter>
    </ClInclude>
    <ClInclude Include="source\generic\sdldraw\savesurface.h">
      <Filter>source\generic\sdldraw</Filter>
    </ClInclude>
    <ClInclude Include="source\include\begin_code.h">
      <Filter>source\include</Filter>
    </ClInclude>
    <ClInclude Include="source\include\close_code.h">
      <Filter>source\include</Filter>
    </ClInclude>
    <ClInclude Include="source\include\png.h">
      <Filter>source\include</Filter>
    </ClInclude>
    <ClInclude Include="source\include\pngconf.h">
      <Filter>source\include</Filter>
    </ClInclude>
    <ClInclude Include="source\include\SDL.h">
      <Filter>source\include</Filter>
    </ClInclude>
    <ClInclude Include="source\include\SDL_active.h">
      <Filter>source\include</Filter>
    </ClInclude>
    <ClInclude Include="source\include\SDL_audio.h">
      <Filter>source\include</Filter>
    </ClInclude>
    <ClInclude Include="source\include\SDL_byteorder.h">
      <Filter>source\include</Filter>
    </ClInclude>
    <ClInclude Include="source\include\SDL_cdrom.h">
      <Filter>source\include</Filter>
    </ClInclude>
    <ClInclude Include="source\include\SDL_config.h">
      <Filter>source\include</Filter>
    </ClInclude>
    <ClInclude Include="source\include\SDL_config_amiga.h">
      <Filter>source\include</Filter>
    </ClInclude>
    <ClInclude Include="source\include\SDL_config_dreamcast.h">
      <Filter>source\include</Filter>
    </ClInclude>
    <ClInclude Include="source\include\SDL_config_macos.h">
      <Filter>source\include</Filter>
    </ClInclude>
    <ClInclude Include="source\include\SDL_config_macosx.h">
      <Filter>source\include</Filter>
    </ClInclude>
    <ClInclude Include="source\include\SDL_config_minimal.h">
      <Filter>source\include</Filter>
    </ClInclude>
    <ClInclude Include="source\include\SDL_config_nds.h">
      <Filter>source\include</Filter>
    </ClInclude>
    <ClInclude Include="source\include\SDL_config_os2.h">
      <Filter>source\include</Filter>
    </ClInclude>
    <ClInclude Include="source\include\SDL_config_symbian.h">
      <Filter>source\include</Filter>
    </ClInclude>
    <ClInclude Include="source\include\SDL_config_win32.h">
      <Filter>source\include</Filter>
    </ClInclude>
    <ClInclude Include="source\include\SDL_copying.h">
      <Filter>source\include</Filter>
    </ClInclude>
    <ClInclude Include="source\include\SDL_cpuinfo.h">
      <Filter>source\include</Filter>
    </ClInclude>
    <ClInclude Include="source\include\SDL_endian.h">
      <Filter>source\include</Filter>
    </ClInclude>
    <ClInclude Include="source\include\SDL_error.h">
      <Filter>source\include</Filter>
    </ClInclude>
    <ClInclude Include="source\include\SDL_events.h">
      <Filter>source\include</Filter>
    </ClInclude>
    <ClInclude Include="source\include\SDL_getenv.h">
      <Filter>source\include</Filter>
    </ClInclude>
    <ClInclude Include="source\include\SDL_image.h">
      <Filter>source\include</Filter>
    </ClInclude>
    <ClInclude Include="source\include\SDL_joystick.h">
      <Filter>source\include</Filter>
    </ClInclude>
    <ClInclude Include="source\include\SDL_keyboard.h">
      <Filter>source\include</Filter>
    </ClInclude>
    <ClInclude Include="source\include\SDL_keysym.h">
      <Filter>source\include</Filter>
    </ClInclude>
    <ClInclude Include="source\include\SDL_loadso.h">
      <Filter>source\include</Filter>
    </ClInclude>
    <ClInclude Include="source\include\SDL_main.h">
      <Filter>source\include</Filter>
    </ClInclude>
    <ClInclude Include="source\include\SDL_mixer.h">
      <Filter>source\include</Filter>
    </ClInclude>
    <ClInclude Include="source\include\SDL_mouse.h">
      <Filter>source\include</Filter>
    </ClInclude>
    <ClInclude Include="source\include\SDL_mutex.h">
      <Filter>source\include</Filter>
    </ClInclude>
    <ClInclude Include="source\include\SDL_name.h">
      <Filter>source\include</Filter>
    </ClInclude>
    <ClInclude Include="source\include\SDL_opengl.h">
      <Filter>source\include</Filter>
    </ClInclude>
    <ClInclude Include="source\include\SDL_platform.h">
      <Filter>source\include</Filter>
    </ClInclude>
    <ClInclude Include="source\include\SDL_quit.h">
      <Filter>source\include</Filter>
    </ClInclude>
    <ClInclude Include="source\include\SDL_rwops.h">
      <Filter>source\include</Filter>
    </ClInclude>
    <ClInclude Include="source\include\SDL_stdinc.h">
      <Filter>source\include</Filter>
    </ClInclude>
    <ClInclude Include="source\include\SDL_syswm.h">
      <Filter>source\include</Filter>
    </ClInclude>
    <ClInclude Include="source\include\SDL_thread.h">
      <Filter>source\include</Filter>
    </ClInclude>
    <ClInclude Include="source\include\SDL_timer.h">
      <Filter>source\include</Filter>
    </ClInclude>
    <ClInclude Include="source\include\SDL_types.h">
      <Filter>source\include</Filter>
    </ClInclude>
    <ClInclude Include="source\include\SDL_version.h">
      <Filter>source\include</Filter>
    </ClInclude>
    <ClInclude Include="source\include\SDL_video.h">
      <Filter>source\include</Filter>
    </ClInclude>
    <ClInclude Include="source\include\zconf.h">
      <Filter>source\include</Filter>
    </ClInclude>
    <ClInclude Include="source\include\zlib.h">
      <Filter>source\include</Filter>
    </ClInclude>
    <ClInclude Include="source\projectspecific\bumpintoworld.h">
      <Filter>source\generic\projectspecific</Filter>
    </ClInclude>
    <ClInclude Include="source\projectspecific\drawworld.h">
      <Filter>source\generic\projectspecific</Filter>
    </ClInclude>
    <ClInclude Include="source\projectspecific\genworldgrid.h">
      <Filter>source\generic\projectspecific</Filter>
    </ClInclude>
    <ClInclude Include="source\projectspecific\menuandhud.h">
      <Filter>source\generic\projectspecific</Filter>
    </ClInclude>
    <ClInclude Include="source\projectspecific\play.h">
      <Filter>source\generic\projectspecific</Filter>
    </ClInclude>
    <ClInclude Include="source\projectspecific\saveandload.h">
      <Filter>source\generic\projectspecific</Filter>
    </ClInclude>
    <ClInclude Include="source\projectspecific\startnewgame.h">
      <Filter>source\generic\projectspecific</Filter>
    </ClInclude>
    <ClInclude Include="source\projectspecific\text.h">
      <Filter>source\generic\projectspecific</Filter>
    </ClInclude>
    <ClInclude Include="source\projectspecific\textures.h">
      <Filter>source\generic\projectspecific</Filter>
    </ClInclude>
    <ClInclude Include="source\projectspecific\entities\decal.h">
      <Filter>source\generic\projectspecific\entities</Filter>
    </ClInclude>
    <ClInclude Include="source\projectspecific\entities\explosion.h">
      <Filter>source\generic\projectspecific\entities</Filter>
    </ClInclude>
    <ClInclude Include="source\projectspecific\entities\object.h">
      <Filter>source\generic\projectspecific\entities</Filter>
    </ClInclude>
    <ClInclude Include="source\projectspecific\entities\person.h">
      <Filter>source\generic\projectspecific\entities</Filter>
    </ClInclude>
    <ClInclude Include="source\projectspecific\entities\rocket.h">
      <Filter>source\generic\projectspecific\entities</Filter>
    </ClInclude>
    <ClInclude Include="source\projectspecific\entities\shot.h">
      <Filter>source\generic\projectspecific\entities</Filter>
    </ClInclude>
    <ClInclude Include="source\projectspecific\entities\wall.h">
      <Filter>source\generic\projectspecific\entities</Filter>
    </ClInclude>
    <ClInclude Include="source\generic\lodepng.h">
      <Filter>source\generic</Filter>
    </ClInclude>
    <ClInclude Include="source\generic\music.h">
      <Filter>source\generic</Filter>
    </ClInclude>
  </ItemGroup>
</Project>